// !$*UTF8*$!
{
	archiveVersion = 1;
	classes = {
	};
	objectVersion = 56;
	objects = {

/* Begin PBXBuildFile section */
		F410C5262BB41A5B0061282C /* DeckListView.swift in Sources */ = {isa = PBXBuildFile; fileRef = F410C5252BB41A5B0061282C /* DeckListView.swift */; };
		F410C5282BB41AE00061282C /* SettingsView.swift in Sources */ = {isa = PBXBuildFile; fileRef = F410C5272BB41AE00061282C /* SettingsView.swift */; };
		F410C52A2BB41C5C0061282C /* DeckData.swift in Sources */ = {isa = PBXBuildFile; fileRef = F410C5292BB41C5C0061282C /* DeckData.swift */; };
		F421D1132BB4415E00DBB875 /* EmojiTextFieldUI.swift in Sources */ = {isa = PBXBuildFile; fileRef = F421D1122BB4415E00DBB875 /* EmojiTextFieldUI.swift */; };
		F49183782B622B930051531F /* MemoApp.swift in Sources */ = {isa = PBXBuildFile; fileRef = F49183772B622B930051531F /* MemoApp.swift */; };
		F491837A2B622B930051531F /* FlashCardsView.swift in Sources */ = {isa = PBXBuildFile; fileRef = F49183792B622B930051531F /* FlashCardsView.swift */; };
		F491837C2B622B950051531F /* Assets.xcassets in Resources */ = {isa = PBXBuildFile; fileRef = F491837B2B622B950051531F /* Assets.xcassets */; };
		F491837F2B622B950051531F /* Preview Assets.xcassets in Resources */ = {isa = PBXBuildFile; fileRef = F491837E2B622B950051531F /* Preview Assets.xcassets */; };
		F49183892B622B950051531F /* MemoTests.swift in Sources */ = {isa = PBXBuildFile; fileRef = F49183882B622B950051531F /* MemoTests.swift */; };
		F49183932B622B950051531F /* MemoUITests.swift in Sources */ = {isa = PBXBuildFile; fileRef = F49183922B622B950051531F /* MemoUITests.swift */; };
		F49183952B622B950051531F /* MemoUITestsLaunchTests.swift in Sources */ = {isa = PBXBuildFile; fileRef = F49183942B622B950051531F /* MemoUITestsLaunchTests.swift */; };
		F4A70AB02BB9994000D62CE6 /* CustomBackButton.swift in Sources */ = {isa = PBXBuildFile; fileRef = F4A70AAF2BB9994000D62CE6 /* CustomBackButton.swift */; };
		F4C1592D2B9DB3250035895F /* GroupView.swift in Sources */ = {isa = PBXBuildFile; fileRef = F4C1592C2B9DB3250035895F /* GroupView.swift */; };
		F4C9E2722BBC08FC00CCB32E /* Test.swift in Sources */ = {isa = PBXBuildFile; fileRef = F4C9E2712BBC08FC00CCB32E /* Test.swift */; };
/* End PBXBuildFile section */

/* Begin PBXContainerItemProxy section */
		F49183852B622B950051531F /* PBXContainerItemProxy */ = {
			isa = PBXContainerItemProxy;
			containerPortal = F491836C2B622B930051531F /* Project object */;
			proxyType = 1;
			remoteGlobalIDString = F49183732B622B930051531F;
			remoteInfo = Memo;
		};
		F491838F2B622B950051531F /* PBXContainerItemProxy */ = {
			isa = PBXContainerItemProxy;
			containerPortal = F491836C2B622B930051531F /* Project object */;
			proxyType = 1;
			remoteGlobalIDString = F49183732B622B930051531F;
			remoteInfo = Memo;
		};
/* End PBXContainerItemProxy section */

/* Begin PBXFileReference section */
		F410C5252BB41A5B0061282C /* DeckListView.swift */ = {isa = PBXFileReference; lastKnownFileType = sourcecode.swift; path = DeckListView.swift; sourceTree = "<group>"; };
		F410C5272BB41AE00061282C /* SettingsView.swift */ = {isa = PBXFileReference; lastKnownFileType = sourcecode.swift; path = SettingsView.swift; sourceTree = "<group>"; };
		F410C5292BB41C5C0061282C /* DeckData.swift */ = {isa = PBXFileReference; lastKnownFileType = sourcecode.swift; path = DeckData.swift; sourceTree = "<group>"; };
		F421D1122BB4415E00DBB875 /* EmojiTextFieldUI.swift */ = {isa = PBXFileReference; lastKnownFileType = sourcecode.swift; path = EmojiTextFieldUI.swift; sourceTree = "<group>"; };
		F49183742B622B930051531F /* Memo.app */ = {isa = PBXFileReference; explicitFileType = wrapper.application; includeInIndex = 0; path = Memo.app; sourceTree = BUILT_PRODUCTS_DIR; };
		F49183772B622B930051531F /* MemoApp.swift */ = {isa = PBXFileReference; lastKnownFileType = sourcecode.swift; path = MemoApp.swift; sourceTree = "<group>"; };
		F49183792B622B930051531F /* FlashCardsView.swift */ = {isa = PBXFileReference; lastKnownFileType = sourcecode.swift; path = FlashCardsView.swift; sourceTree = "<group>"; };
		F491837B2B622B950051531F /* Assets.xcassets */ = {isa = PBXFileReference; lastKnownFileType = folder.assetcatalog; path = Assets.xcassets; sourceTree = "<group>"; };
		F491837E2B622B950051531F /* Preview Assets.xcassets */ = {isa = PBXFileReference; lastKnownFileType = folder.assetcatalog; path = "Preview Assets.xcassets"; sourceTree = "<group>"; };
		F49183842B622B950051531F /* MemoTests.xctest */ = {isa = PBXFileReference; explicitFileType = wrapper.cfbundle; includeInIndex = 0; path = MemoTests.xctest; sourceTree = BUILT_PRODUCTS_DIR; };
		F49183882B622B950051531F /* MemoTests.swift */ = {isa = PBXFileReference; lastKnownFileType = sourcecode.swift; path = MemoTests.swift; sourceTree = "<group>"; };
		F491838E2B622B950051531F /* MemoUITests.xctest */ = {isa = PBXFileReference; explicitFileType = wrapper.cfbundle; includeInIndex = 0; path = MemoUITests.xctest; sourceTree = BUILT_PRODUCTS_DIR; };
		F49183922B622B950051531F /* MemoUITests.swift */ = {isa = PBXFileReference; lastKnownFileType = sourcecode.swift; path = MemoUITests.swift; sourceTree = "<group>"; };
		F49183942B622B950051531F /* MemoUITestsLaunchTests.swift */ = {isa = PBXFileReference; lastKnownFileType = sourcecode.swift; path = MemoUITestsLaunchTests.swift; sourceTree = "<group>"; };
		F4A70AAF2BB9994000D62CE6 /* CustomBackButton.swift */ = {isa = PBXFileReference; lastKnownFileType = sourcecode.swift; path = CustomBackButton.swift; sourceTree = "<group>"; };
		F4C1592C2B9DB3250035895F /* GroupView.swift */ = {isa = PBXFileReference; lastKnownFileType = sourcecode.swift; path = GroupView.swift; sourceTree = "<group>"; };
		F4C9E2712BBC08FC00CCB32E /* Test.swift */ = {isa = PBXFileReference; lastKnownFileType = sourcecode.swift; path = Test.swift; sourceTree = "<group>"; };
/* End PBXFileReference section */

/* Begin PBXFrameworksBuildPhase section */
		F49183712B622B930051531F /* Frameworks */ = {
			isa = PBXFrameworksBuildPhase;
			buildActionMask = 2147483647;
			files = (
			);
			runOnlyForDeploymentPostprocessing = 0;
		};
		F49183812B622B950051531F /* Frameworks */ = {
			isa = PBXFrameworksBuildPhase;
			buildActionMask = 2147483647;
			files = (
			);
			runOnlyForDeploymentPostprocessing = 0;
		};
		F491838B2B622B950051531F /* Frameworks */ = {
			isa = PBXFrameworksBuildPhase;
			buildActionMask = 2147483647;
			files = (
			);
			runOnlyForDeploymentPostprocessing = 0;
		};
/* End PBXFrameworksBuildPhase section */

/* Begin PBXGroup section */
		F491836B2B622B930051531F = {
			isa = PBXGroup;
			children = (
				F49183762B622B930051531F /* Memo */,
				F49183872B622B950051531F /* MemoTests */,
				F49183912B622B950051531F /* MemoUITests */,
				F49183752B622B930051531F /* Products */,
			);
			sourceTree = "<group>";
		};
		F49183752B622B930051531F /* Products */ = {
			isa = PBXGroup;
			children = (
				F49183742B622B930051531F /* Memo.app */,
				F49183842B622B950051531F /* MemoTests.xctest */,
				F491838E2B622B950051531F /* MemoUITests.xctest */,
			);
			name = Products;
			sourceTree = "<group>";
		};
		F49183762B622B930051531F /* Memo */ = {
			isa = PBXGroup;
			children = (
				F49183772B622B930051531F /* MemoApp.swift */,
				F49183792B622B930051531F /* FlashCardsView.swift */,
				F491837B2B622B950051531F /* Assets.xcassets */,
				F491837D2B622B950051531F /* Preview Content */,
				F4C1592C2B9DB3250035895F /* GroupView.swift */,
				F410C5252BB41A5B0061282C /* DeckListView.swift */,
				F410C5272BB41AE00061282C /* SettingsView.swift */,
				F410C5292BB41C5C0061282C /* DeckData.swift */,
				F421D1122BB4415E00DBB875 /* EmojiTextFieldUI.swift */,
				F4A70AAF2BB9994000D62CE6 /* CustomBackButton.swift */,
				F4C9E2712BBC08FC00CCB32E /* Test.swift */,
			);
			path = Memo;
			sourceTree = "<group>";
		};
		F491837D2B622B950051531F /* Preview Content */ = {
			isa = PBXGroup;
			children = (
				F491837E2B622B950051531F /* Preview Assets.xcassets */,
			);
			path = "Preview Content";
			sourceTree = "<group>";
		};
		F49183872B622B950051531F /* MemoTests */ = {
			isa = PBXGroup;
			children = (
				F49183882B622B950051531F /* MemoTests.swift */,
			);
			path = MemoTests;
			sourceTree = "<group>";
		};
		F49183912B622B950051531F /* MemoUITests */ = {
			isa = PBXGroup;
			children = (
				F49183922B622B950051531F /* MemoUITests.swift */,
				F49183942B622B950051531F /* MemoUITestsLaunchTests.swift */,
			);
			path = MemoUITests;
			sourceTree = "<group>";
		};
/* End PBXGroup section */

/* Begin PBXNativeTarget section */
		F49183732B622B930051531F /* Memo */ = {
			isa = PBXNativeTarget;
			buildConfigurationList = F49183982B622B950051531F /* Build configuration list for PBXNativeTarget "Memo" */;
			buildPhases = (
				F49183702B622B930051531F /* Sources */,
				F49183712B622B930051531F /* Frameworks */,
				F49183722B622B930051531F /* Resources */,
			);
			buildRules = (
			);
			dependencies = (
			);
			name = Memo;
			productName = Memo;
			productReference = F49183742B622B930051531F /* Memo.app */;
			productType = "com.apple.product-type.application";
		};
		F49183832B622B950051531F /* MemoTests */ = {
			isa = PBXNativeTarget;
			buildConfigurationList = F491839B2B622B950051531F /* Build configuration list for PBXNativeTarget "MemoTests" */;
			buildPhases = (
				F49183802B622B950051531F /* Sources */,
				F49183812B622B950051531F /* Frameworks */,
				F49183822B622B950051531F /* Resources */,
			);
			buildRules = (
			);
			dependencies = (
				F49183862B622B950051531F /* PBXTargetDependency */,
			);
			name = MemoTests;
			productName = MemoTests;
			productReference = F49183842B622B950051531F /* MemoTests.xctest */;
			productType = "com.apple.product-type.bundle.unit-test";
		};
		F491838D2B622B950051531F /* MemoUITests */ = {
			isa = PBXNativeTarget;
			buildConfigurationList = F491839E2B622B950051531F /* Build configuration list for PBXNativeTarget "MemoUITests" */;
			buildPhases = (
				F491838A2B622B950051531F /* Sources */,
				F491838B2B622B950051531F /* Frameworks */,
				F491838C2B622B950051531F /* Resources */,
			);
			buildRules = (
			);
			dependencies = (
				F49183902B622B950051531F /* PBXTargetDependency */,
			);
			name = MemoUITests;
			productName = MemoUITests;
			productReference = F491838E2B622B950051531F /* MemoUITests.xctest */;
			productType = "com.apple.product-type.bundle.ui-testing";
		};
/* End PBXNativeTarget section */

/* Begin PBXProject section */
		F491836C2B622B930051531F /* Project object */ = {
			isa = PBXProject;
			attributes = {
				BuildIndependentTargetsInParallel = 1;
				LastSwiftUpdateCheck = 1500;
				LastUpgradeCheck = 1500;
				TargetAttributes = {
					F49183732B622B930051531F = {
						CreatedOnToolsVersion = 15.0.1;
					};
					F49183832B622B950051531F = {
						CreatedOnToolsVersion = 15.0.1;
						TestTargetID = F49183732B622B930051531F;
					};
					F491838D2B622B950051531F = {
						CreatedOnToolsVersion = 15.0.1;
						TestTargetID = F49183732B622B930051531F;
					};
				};
			};
			buildConfigurationList = F491836F2B622B930051531F /* Build configuration list for PBXProject "Memo" */;
			compatibilityVersion = "Xcode 14.0";
			developmentRegion = en;
			hasScannedForEncodings = 0;
			knownRegions = (
				en,
				Base,
			);
			mainGroup = F491836B2B622B930051531F;
			productRefGroup = F49183752B622B930051531F /* Products */;
			projectDirPath = "";
			projectRoot = "";
			targets = (
				F49183732B622B930051531F /* Memo */,
				F49183832B622B950051531F /* MemoTests */,
				F491838D2B622B950051531F /* MemoUITests */,
			);
		};
/* End PBXProject section */

/* Begin PBXResourcesBuildPhase section */
		F49183722B622B930051531F /* Resources */ = {
			isa = PBXResourcesBuildPhase;
			buildActionMask = 2147483647;
			files = (
				F491837F2B622B950051531F /* Preview Assets.xcassets in Resources */,
				F491837C2B622B950051531F /* Assets.xcassets in Resources */,
			);
			runOnlyForDeploymentPostprocessing = 0;
		};
		F49183822B622B950051531F /* Resources */ = {
			isa = PBXResourcesBuildPhase;
			buildActionMask = 2147483647;
			files = (
			);
			runOnlyForDeploymentPostprocessing = 0;
		};
		F491838C2B622B950051531F /* Resources */ = {
			isa = PBXResourcesBuildPhase;
			buildActionMask = 2147483647;
			files = (
			);
			runOnlyForDeploymentPostprocessing = 0;
		};
/* End PBXResourcesBuildPhase section */

/* Begin PBXSourcesBuildPhase section */
		F49183702B622B930051531F /* Sources */ = {
			isa = PBXSourcesBuildPhase;
			buildActionMask = 2147483647;
			files = (
				F410C5282BB41AE00061282C /* SettingsView.swift in Sources */,
				F4A70AB02BB9994000D62CE6 /* CustomBackButton.swift in Sources */,
				F4C9E2722BBC08FC00CCB32E /* Test.swift in Sources */,
				F491837A2B622B930051531F /* FlashCardsView.swift in Sources */,
				F4C1592D2B9DB3250035895F /* GroupView.swift in Sources */,
				F410C52A2BB41C5C0061282C /* DeckData.swift in Sources */,
				F410C5262BB41A5B0061282C /* DeckListView.swift in Sources */,
				F49183782B622B930051531F /* MemoApp.swift in Sources */,
				F421D1132BB4415E00DBB875 /* EmojiTextFieldUI.swift in Sources */,
			);
			runOnlyForDeploymentPostprocessing = 0;
		};
		F49183802B622B950051531F /* Sources */ = {
			isa = PBXSourcesBuildPhase;
			buildActionMask = 2147483647;
			files = (
				F49183892B622B950051531F /* MemoTests.swift in Sources */,
			);
			runOnlyForDeploymentPostprocessing = 0;
		};
		F491838A2B622B950051531F /* Sources */ = {
			isa = PBXSourcesBuildPhase;
			buildActionMask = 2147483647;
			files = (
				F49183952B622B950051531F /* MemoUITestsLaunchTests.swift in Sources */,
				F49183932B622B950051531F /* MemoUITests.swift in Sources */,
			);
			runOnlyForDeploymentPostprocessing = 0;
		};
/* End PBXSourcesBuildPhase section */

/* Begin PBXTargetDependency section */
		F49183862B622B950051531F /* PBXTargetDependency */ = {
			isa = PBXTargetDependency;
			target = F49183732B622B930051531F /* Memo */;
			targetProxy = F49183852B622B950051531F /* PBXContainerItemProxy */;
		};
		F49183902B622B950051531F /* PBXTargetDependency */ = {
			isa = PBXTargetDependency;
			target = F49183732B622B930051531F /* Memo */;
			targetProxy = F491838F2B622B950051531F /* PBXContainerItemProxy */;
		};
/* End PBXTargetDependency section */

/* Begin XCBuildConfiguration section */
		F49183962B622B950051531F /* Debug */ = {
			isa = XCBuildConfiguration;
			buildSettings = {
				ALWAYS_SEARCH_USER_PATHS = NO;
				ASSETCATALOG_COMPILER_GENERATE_SWIFT_ASSET_SYMBOL_EXTENSIONS = YES;
				CLANG_ANALYZER_NONNULL = YES;
				CLANG_ANALYZER_NUMBER_OBJECT_CONVERSION = YES_AGGRESSIVE;
				CLANG_CXX_LANGUAGE_STANDARD = "gnu++20";
				CLANG_ENABLE_MODULES = YES;
				CLANG_ENABLE_OBJC_ARC = YES;
				CLANG_ENABLE_OBJC_WEAK = YES;
				CLANG_WARN_BLOCK_CAPTURE_AUTORELEASING = YES;
				CLANG_WARN_BOOL_CONVERSION = YES;
				CLANG_WARN_COMMA = YES;
				CLANG_WARN_CONSTANT_CONVERSION = YES;
				CLANG_WARN_DEPRECATED_OBJC_IMPLEMENTATIONS = YES;
				CLANG_WARN_DIRECT_OBJC_ISA_USAGE = YES_ERROR;
				CLANG_WARN_DOCUMENTATION_COMMENTS = YES;
				CLANG_WARN_EMPTY_BODY = YES;
				CLANG_WARN_ENUM_CONVERSION = YES;
				CLANG_WARN_INFINITE_RECURSION = YES;
				CLANG_WARN_INT_CONVERSION = YES;
				CLANG_WARN_NON_LITERAL_NULL_CONVERSION = YES;
				CLANG_WARN_OBJC_IMPLICIT_RETAIN_SELF = YES;
				CLANG_WARN_OBJC_LITERAL_CONVERSION = YES;
				CLANG_WARN_OBJC_ROOT_CLASS = YES_ERROR;
				CLANG_WARN_QUOTED_INCLUDE_IN_FRAMEWORK_HEADER = YES;
				CLANG_WARN_RANGE_LOOP_ANALYSIS = YES;
				CLANG_WARN_STRICT_PROTOTYPES = YES;
				CLANG_WARN_SUSPICIOUS_MOVE = YES;
				CLANG_WARN_UNGUARDED_AVAILABILITY = YES_AGGRESSIVE;
				CLANG_WARN_UNREACHABLE_CODE = YES;
				CLANG_WARN__DUPLICATE_METHOD_MATCH = YES;
				COPY_PHASE_STRIP = NO;
				DEBUG_INFORMATION_FORMAT = dwarf;
				ENABLE_STRICT_OBJC_MSGSEND = YES;
				ENABLE_TESTABILITY = YES;
				ENABLE_USER_SCRIPT_SANDBOXING = YES;
				GCC_C_LANGUAGE_STANDARD = gnu17;
				GCC_DYNAMIC_NO_PIC = NO;
				GCC_NO_COMMON_BLOCKS = YES;
				GCC_OPTIMIZATION_LEVEL = 0;
				GCC_PREPROCESSOR_DEFINITIONS = (
					"DEBUG=1",
					"$(inherited)",
				);
				GCC_WARN_64_TO_32_BIT_CONVERSION = YES;
				GCC_WARN_ABOUT_RETURN_TYPE = YES_ERROR;
				GCC_WARN_UNDECLARED_SELECTOR = YES;
				GCC_WARN_UNINITIALIZED_AUTOS = YES_AGGRESSIVE;
				GCC_WARN_UNUSED_FUNCTION = YES;
				GCC_WARN_UNUSED_VARIABLE = YES;
				IPHONEOS_DEPLOYMENT_TARGET = 17.0;
				LOCALIZATION_PREFERS_STRING_CATALOGS = YES;
				MTL_ENABLE_DEBUG_INFO = INCLUDE_SOURCE;
				MTL_FAST_MATH = YES;
				ONLY_ACTIVE_ARCH = YES;
				SDKROOT = iphoneos;
				SWIFT_ACTIVE_COMPILATION_CONDITIONS = "DEBUG $(inherited)";
				SWIFT_OPTIMIZATION_LEVEL = "-Onone";
			};
			name = Debug;
		};
		F49183972B622B950051531F /* Release */ = {
			isa = XCBuildConfiguration;
			buildSettings = {
				ALWAYS_SEARCH_USER_PATHS = NO;
				ASSETCATALOG_COMPILER_GENERATE_SWIFT_ASSET_SYMBOL_EXTENSIONS = YES;
				CLANG_ANALYZER_NONNULL = YES;
				CLANG_ANALYZER_NUMBER_OBJECT_CONVERSION = YES_AGGRESSIVE;
				CLANG_CXX_LANGUAGE_STANDARD = "gnu++20";
				CLANG_ENABLE_MODULES = YES;
				CLANG_ENABLE_OBJC_ARC = YES;
				CLANG_ENABLE_OBJC_WEAK = YES;
				CLANG_WARN_BLOCK_CAPTURE_AUTORELEASING = YES;
				CLANG_WARN_BOOL_CONVERSION = YES;
				CLANG_WARN_COMMA = YES;
				CLANG_WARN_CONSTANT_CONVERSION = YES;
				CLANG_WARN_DEPRECATED_OBJC_IMPLEMENTATIONS = YES;
				CLANG_WARN_DIRECT_OBJC_ISA_USAGE = YES_ERROR;
				CLANG_WARN_DOCUMENTATION_COMMENTS = YES;
				CLANG_WARN_EMPTY_BODY = YES;
				CLANG_WARN_ENUM_CONVERSION = YES;
				CLANG_WARN_INFINITE_RECURSION = YES;
				CLANG_WARN_INT_CONVERSION = YES;
				CLANG_WARN_NON_LITERAL_NULL_CONVERSION = YES;
				CLANG_WARN_OBJC_IMPLICIT_RETAIN_SELF = YES;
				CLANG_WARN_OBJC_LITERAL_CONVERSION = YES;
				CLANG_WARN_OBJC_ROOT_CLASS = YES_ERROR;
				CLANG_WARN_QUOTED_INCLUDE_IN_FRAMEWORK_HEADER = YES;
				CLANG_WARN_RANGE_LOOP_ANALYSIS = YES;
				CLANG_WARN_STRICT_PROTOTYPES = YES;
				CLANG_WARN_SUSPICIOUS_MOVE = YES;
				CLANG_WARN_UNGUARDED_AVAILABILITY = YES_AGGRESSIVE;
				CLANG_WARN_UNREACHABLE_CODE = YES;
				CLANG_WARN__DUPLICATE_METHOD_MATCH = YES;
				COPY_PHASE_STRIP = NO;
				DEBUG_INFORMATION_FORMAT = "dwarf-with-dsym";
				ENABLE_NS_ASSERTIONS = NO;
				ENABLE_STRICT_OBJC_MSGSEND = YES;
				ENABLE_USER_SCRIPT_SANDBOXING = YES;
				GCC_C_LANGUAGE_STANDARD = gnu17;
				GCC_NO_COMMON_BLOCKS = YES;
				GCC_WARN_64_TO_32_BIT_CONVERSION = YES;
				GCC_WARN_ABOUT_RETURN_TYPE = YES_ERROR;
				GCC_WARN_UNDECLARED_SELECTOR = YES;
				GCC_WARN_UNINITIALIZED_AUTOS = YES_AGGRESSIVE;
				GCC_WARN_UNUSED_FUNCTION = YES;
				GCC_WARN_UNUSED_VARIABLE = YES;
				IPHONEOS_DEPLOYMENT_TARGET = 17.0;
				LOCALIZATION_PREFERS_STRING_CATALOGS = YES;
				MTL_ENABLE_DEBUG_INFO = NO;
				MTL_FAST_MATH = YES;
				SDKROOT = iphoneos;
				SWIFT_COMPILATION_MODE = wholemodule;
				VALIDATE_PRODUCT = YES;
			};
			name = Release;
		};
		F49183992B622B950051531F /* Debug */ = {
			isa = XCBuildConfiguration;
			buildSettings = {
				ASSETCATALOG_COMPILER_APPICON_NAME = AppIcon;
				ASSETCATALOG_COMPILER_GLOBAL_ACCENT_COLOR_NAME = AccentColor;
				CODE_SIGN_STYLE = Automatic;
				CURRENT_PROJECT_VERSION = 1;
				DEVELOPMENT_ASSET_PATHS = "\"Memo/Preview Content\"";
				DEVELOPMENT_TEAM = M7658Z3ZA9;
				ENABLE_PREVIEWS = YES;
				GENERATE_INFOPLIST_FILE = YES;
				INFOPLIST_KEY_CFBundleDisplayName = "Memo Flash Cards";
				INFOPLIST_KEY_LSApplicationCategoryType = "public.app-category.education";
				INFOPLIST_KEY_UIApplicationSceneManifest_Generation = YES;
				INFOPLIST_KEY_UIApplicationSupportsIndirectInputEvents = YES;
				INFOPLIST_KEY_UILaunchScreen_Generation = YES;
				INFOPLIST_KEY_UIStatusBarHidden = YES;
				INFOPLIST_KEY_UISupportedInterfaceOrientations = UIInterfaceOrientationPortrait;
				INFOPLIST_KEY_UISupportedInterfaceOrientations_iPad = "UIInterfaceOrientationLandscapeLeft UIInterfaceOrientationLandscapeRight UIInterfaceOrientationPortrait UIInterfaceOrientationPortraitUpsideDown";
				IPHONEOS_DEPLOYMENT_TARGET = 17.0;
				LD_RUNPATH_SEARCH_PATHS = (
					"$(inherited)",
					"@executable_path/Frameworks",
				);
				MARKETING_VERSION = 1.0;
				PRODUCT_BUNDLE_IDENTIFIER = games.javier.memo;
				PRODUCT_NAME = "$(TARGET_NAME)";
				SUPPORTED_PLATFORMS = "iphoneos iphonesimulator";
				SUPPORTS_MACCATALYST = NO;
				SUPPORTS_MAC_DESIGNED_FOR_IPHONE_IPAD = NO;
				SWIFT_EMIT_LOC_STRINGS = YES;
				SWIFT_VERSION = 5.0;
				TARGETED_DEVICE_FAMILY = 1;
			};
			name = Debug;
		};
		F491839A2B622B950051531F /* Release */ = {
			isa = XCBuildConfiguration;
			buildSettings = {
				ASSETCATALOG_COMPILER_APPICON_NAME = AppIcon;
				ASSETCATALOG_COMPILER_GLOBAL_ACCENT_COLOR_NAME = AccentColor;
				CODE_SIGN_STYLE = Automatic;
				CURRENT_PROJECT_VERSION = 1;
				DEVELOPMENT_ASSET_PATHS = "\"Memo/Preview Content\"";
				DEVELOPMENT_TEAM = M7658Z3ZA9;
				ENABLE_PREVIEWS = YES;
				GENERATE_INFOPLIST_FILE = YES;
				INFOPLIST_KEY_CFBundleDisplayName = "Memo Flash Cards";
				INFOPLIST_KEY_LSApplicationCategoryType = "public.app-category.education";
				INFOPLIST_KEY_UIApplicationSceneManifest_Generation = YES;
				INFOPLIST_KEY_UIApplicationSupportsIndirectInputEvents = YES;
				INFOPLIST_KEY_UILaunchScreen_Generation = YES;
				INFOPLIST_KEY_UIStatusBarHidden = YES;
				INFOPLIST_KEY_UISupportedInterfaceOrientations = UIInterfaceOrientationPortrait;
				INFOPLIST_KEY_UISupportedInterfaceOrientations_iPad = "UIInterfaceOrientationLandscapeLeft UIInterfaceOrientationLandscapeRight UIInterfaceOrientationPortrait UIInterfaceOrientationPortraitUpsideDown";
				IPHONEOS_DEPLOYMENT_TARGET = 17.0;
				LD_RUNPATH_SEARCH_PATHS = (
					"$(inherited)",
					"@executable_path/Frameworks",
				);
				MARKETING_VERSION = 1.0;
				PRODUCT_BUNDLE_IDENTIFIER = games.javier.memo;
				PRODUCT_NAME = "$(TARGET_NAME)";
				SUPPORTED_PLATFORMS = "iphoneos iphonesimulator";
				SUPPORTS_MACCATALYST = NO;
				SUPPORTS_MAC_DESIGNED_FOR_IPHONE_IPAD = NO;
				SWIFT_EMIT_LOC_STRINGS = YES;
				SWIFT_VERSION = 5.0;
				TARGETED_DEVICE_FAMILY = 1;
			};
			name = Release;
		};
		F491839C2B622B950051531F /* Debug */ = {
			isa = XCBuildConfiguration;
			buildSettings = {
				ALWAYS_EMBED_SWIFT_STANDARD_LIBRARIES = YES;
				BUNDLE_LOADER = "$(TEST_HOST)";
				CODE_SIGN_STYLE = Automatic;
				CURRENT_PROJECT_VERSION = 1;
				DEVELOPMENT_TEAM = QZ2UZBULXL;
				GENERATE_INFOPLIST_FILE = YES;
				IPHONEOS_DEPLOYMENT_TARGET = 17.0;
				MARKETING_VERSION = 1.0;
				PRODUCT_BUNDLE_IDENTIFIER = games.javier.memo.MemoTests;
				PRODUCT_NAME = "$(TARGET_NAME)";
				SWIFT_EMIT_LOC_STRINGS = NO;
				SWIFT_VERSION = 5.0;
				TARGETED_DEVICE_FAMILY = "1,2";
				TEST_HOST = "$(BUILT_PRODUCTS_DIR)/Memo.app/$(BUNDLE_EXECUTABLE_FOLDER_PATH)/Memo";
			};
			name = Debug;
		};
		F491839D2B622B950051531F /* Release */ = {
			isa = XCBuildConfiguration;
			buildSettings = {
				ALWAYS_EMBED_SWIFT_STANDARD_LIBRARIES = YES;
				BUNDLE_LOADER = "$(TEST_HOST)";
				CODE_SIGN_STYLE = Automatic;
				CURRENT_PROJECT_VERSION = 1;
				DEVELOPMENT_TEAM = QZ2UZBULXL;
				GENERATE_INFOPLIST_FILE = YES;
				IPHONEOS_DEPLOYMENT_TARGET = 17.0;
				MARKETING_VERSION = 1.0;
				PRODUCT_BUNDLE_IDENTIFIER = games.javier.memo.MemoTests;
				PRODUCT_NAME = "$(TARGET_NAME)";
				SWIFT_EMIT_LOC_STRINGS = NO;
				SWIFT_VERSION = 5.0;
				TARGETED_DEVICE_FAMILY = "1,2";
				TEST_HOST = "$(BUILT_PRODUCTS_DIR)/Memo.app/$(BUNDLE_EXECUTABLE_FOLDER_PATH)/Memo";
			};
			name = Release;
		};
		F491839F2B622B950051531F /* Debug */ = {
			isa = XCBuildConfiguration;
			buildSettings = {
				ALWAYS_EMBED_SWIFT_STANDARD_LIBRARIES = YES;
				CODE_SIGN_STYLE = Automatic;
				CURRENT_PROJECT_VERSION = 1;
				DEVELOPMENT_TEAM = QZ2UZBULXL;
				GENERATE_INFOPLIST_FILE = YES;
				MARKETING_VERSION = 1.0;
				PRODUCT_BUNDLE_IDENTIFIER = games.javier.memo.MemoUITests;
				PRODUCT_NAME = "$(TARGET_NAME)";
				SWIFT_EMIT_LOC_STRINGS = NO;
				SWIFT_VERSION = 5.0;
				TARGETED_DEVICE_FAMILY = "1,2";
				TEST_TARGET_NAME = Memo;
			};
			name = Debug;
		};
		F49183A02B622B950051531F /* Release */ = {
			isa = XCBuildConfiguration;
			buildSettings = {
				ALWAYS_EMBED_SWIFT_STANDARD_LIBRARIES = YES;
				CODE_SIGN_STYLE = Automatic;
				CURRENT_PROJECT_VERSION = 1;
				DEVELOPMENT_TEAM = QZ2UZBULXL;
				GENERATE_INFOPLIST_FILE = YES;
				MARKETING_VERSION = 1.0;
				PRODUCT_BUNDLE_IDENTIFIER = games.javier.memo.MemoUITests;
				PRODUCT_NAME = "$(TARGET_NAME)";
				SWIFT_EMIT_LOC_STRINGS = NO;
				SWIFT_VERSION = 5.0;
				TARGETED_DEVICE_FAMILY = "1,2";
				TEST_TARGET_NAME = Memo;
			};
			name = Release;
		};
/* End XCBuildConfiguration section */

/* Begin XCConfigurationList section */
		F491836F2B622B930051531F /* Build configuration list for PBXProject "Memo" */ = {
			isa = XCConfigurationList;
			buildConfigurations = (
				F49183962B622B950051531F /* Debug */,
				F49183972B622B950051531F /* Release */,
			);
			defaultConfigurationIsVisible = 0;
			defaultConfigurationName = Release;
		};
		F49183982B622B950051531F /* Build configuration list for PBXNativeTarget "Memo" */ = {
			isa = XCConfigurationList;
			buildConfigurations = (
				F49183992B622B950051531F /* Debug */,
				F491839A2B622B950051531F /* Release */,
			);
			defaultConfigurationIsVisible = 0;
			defaultConfigurationName = Release;
		};
		F491839B2B622B950051531F /* Build configuration list for PBXNativeTarget "MemoTests" */ = {
			isa = XCConfigurationList;
			buildConfigurations = (
				F491839C2B622B950051531F /* Debug */,
				F491839D2B622B950051531F /* Release */,
			);
			defaultConfigurationIsVisible = 0;
			defaultConfigurationName = Release;
		};
		F491839E2B622B950051531F /* Build configuration list for PBXNativeTarget "MemoUITests" */ = {
			isa = XCConfigurationList;
			buildConfigurations = (
				F491839F2B622B950051531F /* Debug */,
				F49183A02B622B950051531F /* Release */,
			);
			defaultConfigurationIsVisible = 0;
			defaultConfigurationName = Release;
		};
/* End XCConfigurationList section */
	};
	rootObject = F491836C2B622B930051531F /* Project object */;
}
