// !$*UTF8*$!
{
	archiveVersion = 1;
	classes = {
	};
	objectVersion = 56;
	objects = {

/* Begin PBXBuildFile section */
		E6E73DEC4915BB2596461DB7 /* DeckEditorView.swift in Sources */ = {isa = PBXBuildFile; fileRef = 38D198E6451FDCC727584A9A /* DeckEditorView.swift */; };
		75FED3B78920FDF5C57F2854 /* DeckTransferTests.swift in Sources */ = {isa = PBXBuildFile; fileRef = D05C2182AE53FB30E3B4D500 /* DeckTransferTests.swift */; };
		6EB9C5C8D6E2CB8D41295675 /* DeckExporter.swift in Sources */ = {isa = PBXBuildFile; fileRef = 06E5E5C55257B9702C3D24CD /* DeckExporter.swift */; };
		AC18781D6AE2C10323E98859 /* DeckImporter.swift in Sources */ = {isa = PBXBuildFile; fileRef = 495041363AA400C41DF8D836 /* DeckImporter.swift */; };
		AA3988DBD65BA5F25CF86764 /* DeckCSVFormat.swift in Sources */ = {isa = PBXBuildFile; fileRef = 3323348FE7108D16A54E1D56 /* DeckCSVFormat.swift */; };
		A04EC4DD20883DBC7E08D931 /* DeckTransferFormat.swift in Sources */ = {isa = PBXBuildFile; fileRef = 89903CBD36787EB75C82B396 /* DeckTransferFormat.swift */; };
		411F05A4A5D6C72780B15CC0 /* CardPracticeProgressTests.swift in Sources */ = {isa = PBXBuildFile; fileRef = 073A51012FC7992EEB1510CE /* CardPracticeProgressTests.swift */; };
		A0479D4C85727FF7D4DF646C /* CardEditorView.swift in Sources */ = {isa = PBXBuildFile; fileRef = 8FC2067B090D8C9278D50758 /* CardEditorView.swift */; };
		4C671A8ED981E7CD4D4D68DA /* CardPracticeProgress.swift in Sources */ = {isa = PBXBuildFile; fileRef = 36AC82E452BFE62B38C7B265 /* CardPracticeProgress.swift */; };
		8ADD1C1684690F2C7F57D83A /* MemoUITests.swift in Sources */ = {isa = PBXBuildFile; fileRef = 0FBD2CE05CFD98EEB0305034 /* MemoUITests.swift */; };
		15A6689AB39D5CA3C1827F47 /* LegacyStoreImportTests.swift in Sources */ = {isa = PBXBuildFile; fileRef = 52AD989219877741EED8F43A /* LegacyStoreImportTests.swift */; };
		6D2FE8E061B9F24F5E7BEEBB /* SortIndexedTests.swift in Sources */ = {isa = PBXBuildFile; fileRef = 003548B3F8CF85A99D2148CD /* SortIndexedTests.swift */; };
		E5237B44299BD97AC38FF11F /* PracticeSettingsTests.swift in Sources */ = {isa = PBXBuildFile; fileRef = CACDFFC3B2C44B4B53080E43 /* PracticeSettingsTests.swift */; };
		F47FB4B91BF44840839F3166 /* PracticeSessionTests.swift in Sources */ = {isa = PBXBuildFile; fileRef = BCE7896AF372DD4AC9382622 /* PracticeSessionTests.swift */; };
		08CF39FA41B4693A2D28EF49 /* Assets.xcassets in Resources */ = {isa = PBXBuildFile; fileRef = 87857433467730D1440934B3 /* Assets.xcassets */; };
		156EC7EA1C59CFB9C8BCB6CB /* SortIndexed.swift in Sources */ = {isa = PBXBuildFile; fileRef = 309D36D89EA52084536A4031 /* SortIndexed.swift */; };
		01C70B641A385704B707883B /* PracticeSettingsView.swift in Sources */ = {isa = PBXBuildFile; fileRef = 1E111DDCE17080F2E5150989 /* PracticeSettingsView.swift */; };
		CE7A0CF15025C95273A7567B /* PracticeSettingsStore.swift in Sources */ = {isa = PBXBuildFile; fileRef = 0D4D42DF966D98257AFDF16E /* PracticeSettingsStore.swift */; };
		AE519555A4E3CB2B0F466C5A /* PracticePlanner.swift in Sources */ = {isa = PBXBuildFile; fileRef = 00381C0F543960D1B2CAB4DD /* PracticePlanner.swift */; };
		69B5E7181D2773F9AC99D622 /* PracticeSettings.swift in Sources */ = {isa = PBXBuildFile; fileRef = 1D690E6D8D16C1C18686779C /* PracticeSettings.swift */; };
		49AA5BABC6CE0AD4D5E552D8 /* PracticeResultsView.swift in Sources */ = {isa = PBXBuildFile; fileRef = 816FD4CB07057DBA31D88990 /* PracticeResultsView.swift */; };
		AFFA949187517945C2269959 /* PracticeSession.swift in Sources */ = {isa = PBXBuildFile; fileRef = 12322F249CB1B5C4658F604C /* PracticeSession.swift */; };
		16A1D2B2FBC62E8663C41DF9 /* LegacyStoreImport.swift in Sources */ = {isa = PBXBuildFile; fileRef = C8EA7EFBCD9E82799B9E895E /* LegacyStoreImport.swift */; };
		9EAF5A97CA9FBDA3670773B8 /* AppConfiguration.swift in Sources */ = {isa = PBXBuildFile; fileRef = 161907CCB573DC509546756A /* AppConfiguration.swift */; };
		B5053D7317F974AB0E81EB55 /* PreviewData.swift in Sources */ = {isa = PBXBuildFile; fileRef = 5078CFCAA79A93C3B7CC2619 /* PreviewData.swift */; };
		B8368D94557801165C093BF4 /* Color+Memo.swift in Sources */ = {isa = PBXBuildFile; fileRef = 35A2084F9E30BA0899477F91 /* Color+Memo.swift */; };
		C16D5A22CA78684DEA1B7602 /* Card.swift in Sources */ = {isa = PBXBuildFile; fileRef = 34901B269B68CECE9F0FA098 /* Card.swift */; };
		D9CEECA341D5026BAACFB55E /* MemoModelContainer.swift in Sources */ = {isa = PBXBuildFile; fileRef = 22D8F1E608C20F6BCE7F3B7E /* MemoModelContainer.swift */; };
		DE23459A6F496F2C2439E6A0 /* Deck.swift in Sources */ = {isa = PBXBuildFile; fileRef = B2D436FEA185699A975E2AD3 /* Deck.swift */; };
		E4AF48D743690FE0DE22054C /* CloudSyncStatus.swift in Sources */ = {isa = PBXBuildFile; fileRef = CE77390A239A1FDF8F915001 /* CloudSyncStatus.swift */; };
		F410C5262BB41A5B0061282C /* DecksView.swift in Sources */ = {isa = PBXBuildFile; fileRef = F410C5252BB41A5B0061282C /* DecksView.swift */; };
		F421D1132BB4415E00DBB875 /* EmojiTextFieldUI.swift in Sources */ = {isa = PBXBuildFile; fileRef = F421D1122BB4415E00DBB875 /* EmojiTextFieldUI.swift */; };
		F49183782B622B930051531F /* MemoApp.swift in Sources */ = {isa = PBXBuildFile; fileRef = F49183772B622B930051531F /* MemoApp.swift */; };
		F491837A2B622B930051531F /* PracticeView.swift in Sources */ = {isa = PBXBuildFile; fileRef = F49183792B622B930051531F /* PracticeView.swift */; };
		F4C1592D2B9DB3250035895F /* DeckView.swift in Sources */ = {isa = PBXBuildFile; fileRef = F4C1592C2B9DB3250035895F /* DeckView.swift */; };
		F4C9E2722BBC08FC00CCB32E /* CardView.swift in Sources */ = {isa = PBXBuildFile; fileRef = F4C9E2712BBC08FC00CCB32E /* CardView.swift */; };
		BEFDDF9FF0714E9BFB4C84C3 /* AIProvider.swift in Sources */ = {isa = PBXBuildFile; fileRef = 61ABEF40E5B1B5248E56C294 /* AIProvider.swift */; };
		67B29DE222F8E2222EC711F2 /* AIClient.swift in Sources */ = {isa = PBXBuildFile; fileRef = A44B2D2CFA1FC73E47B438B2 /* AIClient.swift */; };
		DE069960FD8F18B4E6388809 /* AIDeckPrompt.swift in Sources */ = {isa = PBXBuildFile; fileRef = 5A98B90C7C9BCF3BD24E5EFD /* AIDeckPrompt.swift */; };
		EABA81C61565428680D49696 /* ClaudeClient.swift in Sources */ = {isa = PBXBuildFile; fileRef = D75F3B9D4704D1268D90B724 /* ClaudeClient.swift */; };
		8C5A34ED85C63B1A689845E3 /* OpenAIClient.swift in Sources */ = {isa = PBXBuildFile; fileRef = C292EB71EB08CF6750E796DD /* OpenAIClient.swift */; };
		311A49A3D89EB92C46C733BA /* SecretStore.swift in Sources */ = {isa = PBXBuildFile; fileRef = 19FDD7547A655B44C799F4F1 /* SecretStore.swift */; };
		04356E8B3B6EDEE4286FC7C5 /* AISettingsStore.swift in Sources */ = {isa = PBXBuildFile; fileRef = EE37D29DFE3E87D548A29EAC /* AISettingsStore.swift */; };
		2CB22D86C20864DABF618784 /* AIDeckGenerator.swift in Sources */ = {isa = PBXBuildFile; fileRef = E401C754B233516330161F93 /* AIDeckGenerator.swift */; };
		EDC333D9165F6B000105C95E /* AIImportView.swift in Sources */ = {isa = PBXBuildFile; fileRef = 87F90851979099B89B02CD7A /* AIImportView.swift */; };
		4283822301ED3D573CFBA3D0 /* SettingsView.swift in Sources */ = {isa = PBXBuildFile; fileRef = D0E4498A909F21F5E7EA5650 /* SettingsView.swift */; };
		987545F8EE578C610EBBAC59 /* AIAssistedImportTests.swift in Sources */ = {isa = PBXBuildFile; fileRef = 64570FBC942001B2BB90965B /* AIAssistedImportTests.swift */; };
		CD195FB93298AE91BF698E3E /* DecksSettingsView.swift in Sources */ = {isa = PBXBuildFile; fileRef = 9DB301C2A0449B7F7D3CD9CB /* DecksSettingsView.swift */; };
		2654AAFA099D68701ACB9726 /* BookmarkTests.swift in Sources */ = {isa = PBXBuildFile; fileRef = 67288C8A85AAFF01B0C04664 /* BookmarkTests.swift */; };
		CB16AB6B0521D00155BACF5A /* CloudSyncMonitor.swift in Sources */ = {isa = PBXBuildFile; fileRef = B944FEC82EB23E59B1B2C859 /* CloudSyncMonitor.swift */; };
		4F0EF0097C3BC6877931D7F3 /* CloudSyncActivityTests.swift in Sources */ = {isa = PBXBuildFile; fileRef = A294EF4B43CC79C0D72D273B /* CloudSyncActivityTests.swift */; };
		02FE10FD53E2E6CAD6720621 /* SettingsStorage.swift in Sources */ = {isa = PBXBuildFile; fileRef = DE20F880FC064FA26874E4BF /* SettingsStorage.swift */; };
		8DA371F06B7CF0668C45FE6B /* SettingsStorageTests.swift in Sources */ = {isa = PBXBuildFile; fileRef = E2E45FF985F8468B80EEF8AF /* SettingsStorageTests.swift */; };
		5217242A5FAAFCA1BF72CE68 /* DeckImportPlan.swift in Sources */ = {isa = PBXBuildFile; fileRef = F7E3C6CDBCF596C67FD4B498 /* DeckImportPlan.swift */; };
		1A07347B9365EF31CAACD60C /* ImportReviewView.swift in Sources */ = {isa = PBXBuildFile; fileRef = E99A15A61F481A85DEFFFA70 /* ImportReviewView.swift */; };
		8C2E6EE8DAF39F068FE34EDB /* DeckImportPlanTests.swift in Sources */ = {isa = PBXBuildFile; fileRef = 4CA16643F361C5B8EA09D8B3 /* DeckImportPlanTests.swift */; };
/* End PBXBuildFile section */

/* Begin PBXContainerItemProxy section */
		F49183852B622B950051531F /* PBXContainerItemProxy */ = {
			isa = PBXContainerItemProxy;
			containerPortal = F491836C2B622B930051531F /* Project object */;
			proxyType = 1;
			remoteGlobalIDString = F49183732B622B930051531F;
			remoteInfo = Memo;
		};
		F491838F2B622B950051531F /* PBXContainerItemProxy */ = {
			isa = PBXContainerItemProxy;
			containerPortal = F491836C2B622B930051531F /* Project object */;
			proxyType = 1;
			remoteGlobalIDString = F49183732B622B930051531F;
			remoteInfo = Memo;
		};
/* End PBXContainerItemProxy section */

/* Begin PBXFileReference section */
		38D198E6451FDCC727584A9A /* DeckEditorView.swift */ = {isa = PBXFileReference; lastKnownFileType = sourcecode.swift; path = "DeckEditorView.swift"; sourceTree = "<group>"; };
		D05C2182AE53FB30E3B4D500 /* DeckTransferTests.swift */ = {isa = PBXFileReference; lastKnownFileType = sourcecode.swift; path = "DeckTransferTests.swift"; sourceTree = "<group>"; };
		06E5E5C55257B9702C3D24CD /* DeckExporter.swift */ = {isa = PBXFileReference; lastKnownFileType = sourcecode.swift; path = "DeckExporter.swift"; sourceTree = "<group>"; };
		495041363AA400C41DF8D836 /* DeckImporter.swift */ = {isa = PBXFileReference; lastKnownFileType = sourcecode.swift; path = "DeckImporter.swift"; sourceTree = "<group>"; };
		3323348FE7108D16A54E1D56 /* DeckCSVFormat.swift */ = {isa = PBXFileReference; lastKnownFileType = sourcecode.swift; path = "DeckCSVFormat.swift"; sourceTree = "<group>"; };
		89903CBD36787EB75C82B396 /* DeckTransferFormat.swift */ = {isa = PBXFileReference; lastKnownFileType = sourcecode.swift; path = "DeckTransferFormat.swift"; sourceTree = "<group>"; };
		073A51012FC7992EEB1510CE /* CardPracticeProgressTests.swift */ = {isa = PBXFileReference; lastKnownFileType = sourcecode.swift; path = "CardPracticeProgressTests.swift"; sourceTree = "<group>"; };
		8FC2067B090D8C9278D50758 /* CardEditorView.swift */ = {isa = PBXFileReference; lastKnownFileType = sourcecode.swift; path = "CardEditorView.swift"; sourceTree = "<group>"; };
		36AC82E452BFE62B38C7B265 /* CardPracticeProgress.swift */ = {isa = PBXFileReference; lastKnownFileType = sourcecode.swift; path = "CardPracticeProgress.swift"; sourceTree = "<group>"; };
		0FBD2CE05CFD98EEB0305034 /* MemoUITests.swift */ = {isa = PBXFileReference; lastKnownFileType = sourcecode.swift; path = "MemoUITests.swift"; sourceTree = "<group>"; };
		52AD989219877741EED8F43A /* LegacyStoreImportTests.swift */ = {isa = PBXFileReference; lastKnownFileType = sourcecode.swift; path = "LegacyStoreImportTests.swift"; sourceTree = "<group>"; };
		003548B3F8CF85A99D2148CD /* SortIndexedTests.swift */ = {isa = PBXFileReference; lastKnownFileType = sourcecode.swift; path = "SortIndexedTests.swift"; sourceTree = "<group>"; };
		CACDFFC3B2C44B4B53080E43 /* PracticeSettingsTests.swift */ = {isa = PBXFileReference; lastKnownFileType = sourcecode.swift; path = "PracticeSettingsTests.swift"; sourceTree = "<group>"; };
		BCE7896AF372DD4AC9382622 /* PracticeSessionTests.swift */ = {isa = PBXFileReference; lastKnownFileType = sourcecode.swift; path = "PracticeSessionTests.swift"; sourceTree = "<group>"; };
		87857433467730D1440934B3 /* Assets.xcassets */ = {isa = PBXFileReference; lastKnownFileType = folder.assetcatalog; path = Assets.xcassets; sourceTree = "<group>"; };
		309D36D89EA52084536A4031 /* SortIndexed.swift */ = {isa = PBXFileReference; lastKnownFileType = sourcecode.swift; path = "SortIndexed.swift"; sourceTree = "<group>"; };
		1E111DDCE17080F2E5150989 /* PracticeSettingsView.swift */ = {isa = PBXFileReference; lastKnownFileType = sourcecode.swift; path = "PracticeSettingsView.swift"; sourceTree = "<group>"; };
		0D4D42DF966D98257AFDF16E /* PracticeSettingsStore.swift */ = {isa = PBXFileReference; lastKnownFileType = sourcecode.swift; path = "PracticeSettingsStore.swift"; sourceTree = "<group>"; };
		00381C0F543960D1B2CAB4DD /* PracticePlanner.swift */ = {isa = PBXFileReference; lastKnownFileType = sourcecode.swift; path = "PracticePlanner.swift"; sourceTree = "<group>"; };
		1D690E6D8D16C1C18686779C /* PracticeSettings.swift */ = {isa = PBXFileReference; lastKnownFileType = sourcecode.swift; path = "PracticeSettings.swift"; sourceTree = "<group>"; };
		816FD4CB07057DBA31D88990 /* PracticeResultsView.swift */ = {isa = PBXFileReference; lastKnownFileType = sourcecode.swift; path = "PracticeResultsView.swift"; sourceTree = "<group>"; };
		12322F249CB1B5C4658F604C /* PracticeSession.swift */ = {isa = PBXFileReference; lastKnownFileType = sourcecode.swift; path = "PracticeSession.swift"; sourceTree = "<group>"; };
		161907CCB573DC509546756A /* AppConfiguration.swift */ = {isa = PBXFileReference; lastKnownFileType = sourcecode.swift; path = AppConfiguration.swift; sourceTree = "<group>"; };
		1E1877EAB0B76CF7C40CB5F5 /* Memo.entitlements */ = {isa = PBXFileReference; lastKnownFileType = text.plist.entitlements; path = Memo.entitlements; sourceTree = "<group>"; };
		22D8F1E608C20F6BCE7F3B7E /* MemoModelContainer.swift */ = {isa = PBXFileReference; lastKnownFileType = sourcecode.swift; path = MemoModelContainer.swift; sourceTree = "<group>"; };
		34901B269B68CECE9F0FA098 /* Card.swift */ = {isa = PBXFileReference; lastKnownFileType = sourcecode.swift; path = Card.swift; sourceTree = "<group>"; };
		35A2084F9E30BA0899477F91 /* Color+Memo.swift */ = {isa = PBXFileReference; lastKnownFileType = sourcecode.swift; path = "Color+Memo.swift"; sourceTree = "<group>"; };
		5078CFCAA79A93C3B7CC2619 /* PreviewData.swift */ = {isa = PBXFileReference; lastKnownFileType = sourcecode.swift; path = PreviewData.swift; sourceTree = "<group>"; };
		B2D436FEA185699A975E2AD3 /* Deck.swift */ = {isa = PBXFileReference; lastKnownFileType = sourcecode.swift; path = Deck.swift; sourceTree = "<group>"; };
		C8EA7EFBCD9E82799B9E895E /* LegacyStoreImport.swift */ = {isa = PBXFileReference; lastKnownFileType = sourcecode.swift; path = LegacyStoreImport.swift; sourceTree = "<group>"; };
		CE77390A239A1FDF8F915001 /* CloudSyncStatus.swift */ = {isa = PBXFileReference; lastKnownFileType = sourcecode.swift; path = CloudSyncStatus.swift; sourceTree = "<group>"; };
		F410C5252BB41A5B0061282C /* DecksView.swift */ = {isa = PBXFileReference; lastKnownFileType = sourcecode.swift; path = DecksView.swift; sourceTree = "<group>"; };
		F421D1122BB4415E00DBB875 /* EmojiTextFieldUI.swift */ = {isa = PBXFileReference; lastKnownFileType = sourcecode.swift; path = EmojiTextFieldUI.swift; sourceTree = "<group>"; };
		F49183742B622B930051531F /* Memo.app */ = {isa = PBXFileReference; explicitFileType = wrapper.application; includeInIndex = 0; path = Memo.app; sourceTree = BUILT_PRODUCTS_DIR; };
		F49183772B622B930051531F /* MemoApp.swift */ = {isa = PBXFileReference; lastKnownFileType = sourcecode.swift; path = MemoApp.swift; sourceTree = "<group>"; };
		F49183792B622B930051531F /* PracticeView.swift */ = {isa = PBXFileReference; lastKnownFileType = sourcecode.swift; path = PracticeView.swift; sourceTree = "<group>"; };
		F49183842B622B950051531F /* MemoTests.xctest */ = {isa = PBXFileReference; explicitFileType = wrapper.cfbundle; includeInIndex = 0; path = MemoTests.xctest; sourceTree = BUILT_PRODUCTS_DIR; };
		F491838E2B622B950051531F /* MemoUITests.xctest */ = {isa = PBXFileReference; explicitFileType = wrapper.cfbundle; includeInIndex = 0; path = MemoUITests.xctest; sourceTree = BUILT_PRODUCTS_DIR; };
		F4C1592C2B9DB3250035895F /* DeckView.swift */ = {isa = PBXFileReference; lastKnownFileType = sourcecode.swift; path = DeckView.swift; sourceTree = "<group>"; };
		F4C9E2712BBC08FC00CCB32E /* CardView.swift */ = {isa = PBXFileReference; lastKnownFileType = sourcecode.swift; path = CardView.swift; sourceTree = "<group>"; };
		61ABEF40E5B1B5248E56C294 /* AIProvider.swift */ = {isa = PBXFileReference; lastKnownFileType = sourcecode.swift; path = "AIProvider.swift"; sourceTree = "<group>"; };
		A44B2D2CFA1FC73E47B438B2 /* AIClient.swift */ = {isa = PBXFileReference; lastKnownFileType = sourcecode.swift; path = "AIClient.swift"; sourceTree = "<group>"; };
		5A98B90C7C9BCF3BD24E5EFD /* AIDeckPrompt.swift */ = {isa = PBXFileReference; lastKnownFileType = sourcecode.swift; path = "AIDeckPrompt.swift"; sourceTree = "<group>"; };
		D75F3B9D4704D1268D90B724 /* ClaudeClient.swift */ = {isa = PBXFileReference; lastKnownFileType = sourcecode.swift; path = "ClaudeClient.swift"; sourceTree = "<group>"; };
		C292EB71EB08CF6750E796DD /* OpenAIClient.swift */ = {isa = PBXFileReference; lastKnownFileType = sourcecode.swift; path = "OpenAIClient.swift"; sourceTree = "<group>"; };
		19FDD7547A655B44C799F4F1 /* SecretStore.swift */ = {isa = PBXFileReference; lastKnownFileType = sourcecode.swift; path = "SecretStore.swift"; sourceTree = "<group>"; };
		EE37D29DFE3E87D548A29EAC /* AISettingsStore.swift */ = {isa = PBXFileReference; lastKnownFileType = sourcecode.swift; path = "AISettingsStore.swift"; sourceTree = "<group>"; };
		E401C754B233516330161F93 /* AIDeckGenerator.swift */ = {isa = PBXFileReference; lastKnownFileType = sourcecode.swift; path = "AIDeckGenerator.swift"; sourceTree = "<group>"; };
		87F90851979099B89B02CD7A /* AIImportView.swift */ = {isa = PBXFileReference; lastKnownFileType = sourcecode.swift; path = "AIImportView.swift"; sourceTree = "<group>"; };
		D0E4498A909F21F5E7EA5650 /* SettingsView.swift */ = {isa = PBXFileReference; lastKnownFileType = sourcecode.swift; path = "SettingsView.swift"; sourceTree = "<group>"; };
		64570FBC942001B2BB90965B /* AIAssistedImportTests.swift */ = {isa = PBXFileReference; lastKnownFileType = sourcecode.swift; path = "AIAssistedImportTests.swift"; sourceTree = "<group>"; };
		9DB301C2A0449B7F7D3CD9CB /* DecksSettingsView.swift */ = {isa = PBXFileReference; lastKnownFileType = sourcecode.swift; path = "DecksSettingsView.swift"; sourceTree = "<group>"; };
		67288C8A85AAFF01B0C04664 /* BookmarkTests.swift */ = {isa = PBXFileReference; lastKnownFileType = sourcecode.swift; path = "BookmarkTests.swift"; sourceTree = "<group>"; };
		B944FEC82EB23E59B1B2C859 /* CloudSyncMonitor.swift */ = {isa = PBXFileReference; lastKnownFileType = sourcecode.swift; path = "CloudSyncMonitor.swift"; sourceTree = "<group>"; };
		A294EF4B43CC79C0D72D273B /* CloudSyncActivityTests.swift */ = {isa = PBXFileReference; lastKnownFileType = sourcecode.swift; path = "CloudSyncActivityTests.swift"; sourceTree = "<group>"; };
		DE20F880FC064FA26874E4BF /* SettingsStorage.swift */ = {isa = PBXFileReference; lastKnownFileType = sourcecode.swift; path = "SettingsStorage.swift"; sourceTree = "<group>"; };
		E2E45FF985F8468B80EEF8AF /* SettingsStorageTests.swift */ = {isa = PBXFileReference; lastKnownFileType = sourcecode.swift; path = "SettingsStorageTests.swift"; sourceTree = "<group>"; };
		F7E3C6CDBCF596C67FD4B498 /* DeckImportPlan.swift */ = {isa = PBXFileReference; lastKnownFileType = sourcecode.swift; path = "DeckImportPlan.swift"; sourceTree = "<group>"; };
		E99A15A61F481A85DEFFFA70 /* ImportReviewView.swift */ = {isa = PBXFileReference; lastKnownFileType = sourcecode.swift; path = "ImportReviewView.swift"; sourceTree = "<group>"; };
		4CA16643F361C5B8EA09D8B3 /* DeckImportPlanTests.swift */ = {isa = PBXFileReference; lastKnownFileType = sourcecode.swift; path = "DeckImportPlanTests.swift"; sourceTree = "<group>"; };
/* End PBXFileReference section */

/* Begin PBXFrameworksBuildPhase section */
		F49183712B622B930051531F /* Frameworks */ = {
			isa = PBXFrameworksBuildPhase;
			buildActionMask = 2147483647;
			files = (
			);
			runOnlyForDeploymentPostprocessing = 0;
		};
		F49183812B622B950051531F /* Frameworks */ = {
			isa = PBXFrameworksBuildPhase;
			buildActionMask = 2147483647;
			files = (
			);
			runOnlyForDeploymentPostprocessing = 0;
		};
		F491838B2B622B950051531F /* Frameworks */ = {
			isa = PBXFrameworksBuildPhase;
			buildActionMask = 2147483647;
			files = (
			);
			runOnlyForDeploymentPostprocessing = 0;
		};
/* End PBXFrameworksBuildPhase section */

/* Begin PBXGroup section */
		9D13033938681367210A0106 /* Transfer */ = {
			isa = PBXGroup;
			children = (
				89903CBD36787EB75C82B396 /* DeckTransferFormat.swift */,
				3323348FE7108D16A54E1D56 /* DeckCSVFormat.swift */,
				495041363AA400C41DF8D836 /* DeckImporter.swift */,
				E99A15A61F481A85DEFFFA70 /* ImportReviewView.swift */,
				F7E3C6CDBCF596C67FD4B498 /* DeckImportPlan.swift */,
				06E5E5C55257B9702C3D24CD /* DeckExporter.swift */,
			);
			path = Transfer;
			sourceTree = "<group>";
		};
		414072DB4E47D110E1179CC4 /* MemoUITests */ = {
			isa = PBXGroup;
			children = (
				0FBD2CE05CFD98EEB0305034 /* MemoUITests.swift */,
			);
			path = MemoUITests;
			sourceTree = "<group>";
		};
		2B2D6B0B0EC265D54C290522 /* MemoTests */ = {
			isa = PBXGroup;
			children = (
				D05C2182AE53FB30E3B4D500 /* DeckTransferTests.swift */,
				E2E45FF985F8468B80EEF8AF /* SettingsStorageTests.swift */,
				4CA16643F361C5B8EA09D8B3 /* DeckImportPlanTests.swift */,
				A294EF4B43CC79C0D72D273B /* CloudSyncActivityTests.swift */,
				67288C8A85AAFF01B0C04664 /* BookmarkTests.swift */,
				64570FBC942001B2BB90965B /* AIAssistedImportTests.swift */,
				073A51012FC7992EEB1510CE /* CardPracticeProgressTests.swift */,
				BCE7896AF372DD4AC9382622 /* PracticeSessionTests.swift */,
				CACDFFC3B2C44B4B53080E43 /* PracticeSettingsTests.swift */,
				003548B3F8CF85A99D2148CD /* SortIndexedTests.swift */,
				52AD989219877741EED8F43A /* LegacyStoreImportTests.swift */,
			);
			path = MemoTests;
			sourceTree = "<group>";
		};
		735894202308D0E4D8B161AF /* Practice */ = {
			isa = PBXGroup;
			children = (
				36AC82E452BFE62B38C7B265 /* CardPracticeProgress.swift */,
				1D690E6D8D16C1C18686779C /* PracticeSettings.swift */,
				00381C0F543960D1B2CAB4DD /* PracticePlanner.swift */,
				12322F249CB1B5C4658F604C /* PracticeSession.swift */,
				0D4D42DF966D98257AFDF16E /* PracticeSettingsStore.swift */,
				1E111DDCE17080F2E5150989 /* PracticeSettingsView.swift */,
				F49183792B622B930051531F /* PracticeView.swift */,
				816FD4CB07057DBA31D88990 /* PracticeResultsView.swift */,
			);
			path = Practice;
			sourceTree = "<group>";
		};
		138F8A74C8EBA98FE0BC40B4 /* Models */ = {
			isa = PBXGroup;
			children = (
				B2D436FEA185699A975E2AD3 /* Deck.swift */,
				34901B269B68CECE9F0FA098 /* Card.swift */,
			);
			path = Models;
			sourceTree = "<group>";
		};
		876186C65EAB09CA84F1ECF9 /* Shared */ = {
			isa = PBXGroup;
			children = (
				309D36D89EA52084536A4031 /* SortIndexed.swift */,
				161907CCB573DC509546756A /* AppConfiguration.swift */,
				35A2084F9E30BA0899477F91 /* Color+Memo.swift */,
				5078CFCAA79A93C3B7CC2619 /* PreviewData.swift */,
			);
			path = Shared;
			sourceTree = "<group>";
		};
		93BBCF055CD8328C3D34F713 /* Persistence */ = {
			isa = PBXGroup;
			children = (
				CE77390A239A1FDF8F915001 /* CloudSyncStatus.swift */,
				DE20F880FC064FA26874E4BF /* SettingsStorage.swift */,
				B944FEC82EB23E59B1B2C859 /* CloudSyncMonitor.swift */,
				22D8F1E608C20F6BCE7F3B7E /* MemoModelContainer.swift */,
				C8EA7EFBCD9E82799B9E895E /* LegacyStoreImport.swift */,
			);
			path = Persistence;
			sourceTree = "<group>";
		};
		F491836B2B622B930051531F = {
			isa = PBXGroup;
			children = (
				414072DB4E47D110E1179CC4 /* MemoUITests */,
				2B2D6B0B0EC265D54C290522 /* MemoTests */,
				F49183762B622B930051531F /* Memo */,
				F49183752B622B930051531F /* Products */,
			);
			sourceTree = "<group>";
		};
		F49183752B622B930051531F /* Products */ = {
			isa = PBXGroup;
			children = (
				F49183742B622B930051531F /* Memo.app */,
				F49183842B622B950051531F /* MemoTests.xctest */,
				F491838E2B622B950051531F /* MemoUITests.xctest */,
			);
			name = Products;
			sourceTree = "<group>";
		};
		F49183762B622B930051531F /* Memo */ = {
			isa = PBXGroup;
			children = (
				38D198E6451FDCC727584A9A /* DeckEditorView.swift */,
				9D13033938681367210A0106 /* Transfer */,
				98B30011FD76E354F808B610 /* AI */,
				DA611807EB61CA9BE0B68095 /* Settings */,
				8FC2067B090D8C9278D50758 /* CardEditorView.swift */,
				87857433467730D1440934B3 /* Assets.xcassets */,
				735894202308D0E4D8B161AF /* Practice */,
				1E1877EAB0B76CF7C40CB5F5 /* Memo.entitlements */,
				138F8A74C8EBA98FE0BC40B4 /* Models */,
				93BBCF055CD8328C3D34F713 /* Persistence */,
				876186C65EAB09CA84F1ECF9 /* Shared */,
				F49183772B622B930051531F /* MemoApp.swift */,
				F4C1592C2B9DB3250035895F /* DeckView.swift */,
				F410C5252BB41A5B0061282C /* DecksView.swift */,
				F421D1122BB4415E00DBB875 /* EmojiTextFieldUI.swift */,
				F4C9E2712BBC08FC00CCB32E /* CardView.swift */,
			);
			path = Memo;
			sourceTree = "<group>";
		};
		98B30011FD76E354F808B610 /* AI */ = {
			isa = PBXGroup;
			children = (
				61ABEF40E5B1B5248E56C294 /* AIProvider.swift */,
				A44B2D2CFA1FC73E47B438B2 /* AIClient.swift */,
				5A98B90C7C9BCF3BD24E5EFD /* AIDeckPrompt.swift */,
				D75F3B9D4704D1268D90B724 /* ClaudeClient.swift */,
				C292EB71EB08CF6750E796DD /* OpenAIClient.swift */,
				19FDD7547A655B44C799F4F1 /* SecretStore.swift */,
				EE37D29DFE3E87D548A29EAC /* AISettingsStore.swift */,
				E401C754B233516330161F93 /* AIDeckGenerator.swift */,
				87F90851979099B89B02CD7A /* AIImportView.swift */,
			);
			path = AI;
			sourceTree = "<group>";
		};
		DA611807EB61CA9BE0B68095 /* Settings */ = {
			isa = PBXGroup;
			children = (
				D0E4498A909F21F5E7EA5650 /* SettingsView.swift */,
				9DB301C2A0449B7F7D3CD9CB /* DecksSettingsView.swift */,
			);
			path = Settings;
			sourceTree = "<group>";
		};
/* End PBXGroup section */

/* Begin PBXNativeTarget section */
		F49183732B622B930051531F /* Memo */ = {
			isa = PBXNativeTarget;
			buildConfigurationList = F49183982B622B950051531F /* Build configuration list for PBXNativeTarget "Memo" */;
			buildPhases = (
				F49183702B622B930051531F /* Sources */,
				F49183712B622B930051531F /* Frameworks */,
				F49183722B622B930051531F /* Resources */,
			);
			buildRules = (
			);
			dependencies = (
			);
			name = Memo;
			productName = Memo;
			productReference = F49183742B622B930051531F /* Memo.app */;
			productType = "com.apple.product-type.application";
		};
		F49183832B622B950051531F /* MemoTests */ = {
			isa = PBXNativeTarget;
			buildConfigurationList = F491839B2B622B950051531F /* Build configuration list for PBXNativeTarget "MemoTests" */;
			buildPhases = (
				F49183802B622B950051531F /* Sources */,
				F49183812B622B950051531F /* Frameworks */,
				F49183822B622B950051531F /* Resources */,
			);
			buildRules = (
			);
			dependencies = (
				F49183862B622B950051531F /* PBXTargetDependency */,
			);
			name = MemoTests;
			productName = MemoTests;
			productReference = F49183842B622B950051531F /* MemoTests.xctest */;
			productType = "com.apple.product-type.bundle.unit-test";
		};
		F491838D2B622B950051531F /* MemoUITests */ = {
			isa = PBXNativeTarget;
			buildConfigurationList = F491839E2B622B950051531F /* Build configuration list for PBXNativeTarget "MemoUITests" */;
			buildPhases = (
				F491838A2B622B950051531F /* Sources */,
				F491838B2B622B950051531F /* Frameworks */,
				F491838C2B622B950051531F /* Resources */,
			);
			buildRules = (
			);
			dependencies = (
				F49183902B622B950051531F /* PBXTargetDependency */,
			);
			name = MemoUITests;
			productName = MemoUITests;
			productReference = F491838E2B622B950051531F /* MemoUITests.xctest */;
			productType = "com.apple.product-type.bundle.ui-testing";
		};
/* End PBXNativeTarget section */

/* Begin PBXProject section */
		F491836C2B622B930051531F /* Project object */ = {
			isa = PBXProject;
			attributes = {
				BuildIndependentTargetsInParallel = 1;
				LastSwiftUpdateCheck = 1500;
				LastUpgradeCheck = 1500;
				TargetAttributes = {
					F49183732B622B930051531F = {
						CreatedOnToolsVersion = 15.0.1;
					};
					F49183832B622B950051531F = {
						CreatedOnToolsVersion = 15.0.1;
						TestTargetID = F49183732B622B930051531F;
					};
					F491838D2B622B950051531F = {
						CreatedOnToolsVersion = 15.0.1;
						TestTargetID = F49183732B622B930051531F;
					};
				};
			};
			buildConfigurationList = F491836F2B622B930051531F /* Build configuration list for PBXProject "Memo" */;
			compatibilityVersion = "Xcode 14.0";
			developmentRegion = en;
			hasScannedForEncodings = 0;
			knownRegions = (
				en,
				Base,
			);
			mainGroup = F491836B2B622B930051531F;
			productRefGroup = F49183752B622B930051531F /* Products */;
			projectDirPath = "";
			projectRoot = "";
			targets = (
				F49183732B622B930051531F /* Memo */,
				F49183832B622B950051531F /* MemoTests */,
				F491838D2B622B950051531F /* MemoUITests */,
			);
		};
/* End PBXProject section */

/* Begin PBXResourcesBuildPhase section */
		F49183722B622B930051531F /* Resources */ = {
			isa = PBXResourcesBuildPhase;
			buildActionMask = 2147483647;
			files = (
				08CF39FA41B4693A2D28EF49 /* Assets.xcassets in Resources */,
			);
			runOnlyForDeploymentPostprocessing = 0;
		};
		F49183822B622B950051531F /* Resources */ = {
			isa = PBXResourcesBuildPhase;
			buildActionMask = 2147483647;
			files = (
			);
			runOnlyForDeploymentPostprocessing = 0;
		};
		F491838C2B622B950051531F /* Resources */ = {
			isa = PBXResourcesBuildPhase;
			buildActionMask = 2147483647;
			files = (
			);
			runOnlyForDeploymentPostprocessing = 0;
		};
/* End PBXResourcesBuildPhase section */

/* Begin PBXSourcesBuildPhase section */
		F49183702B622B930051531F /* Sources */ = {
			isa = PBXSourcesBuildPhase;
			buildActionMask = 2147483647;
			files = (
				E6E73DEC4915BB2596461DB7 /* DeckEditorView.swift in Sources */,
				6EB9C5C8D6E2CB8D41295675 /* DeckExporter.swift in Sources */,
				AC18781D6AE2C10323E98859 /* DeckImporter.swift in Sources */,
				1A07347B9365EF31CAACD60C /* ImportReviewView.swift in Sources */,
				5217242A5FAAFCA1BF72CE68 /* DeckImportPlan.swift in Sources */,
				BEFDDF9FF0714E9BFB4C84C3 /* AIProvider.swift in Sources */,
				67B29DE222F8E2222EC711F2 /* AIClient.swift in Sources */,
				DE069960FD8F18B4E6388809 /* AIDeckPrompt.swift in Sources */,
				EABA81C61565428680D49696 /* ClaudeClient.swift in Sources */,
				8C5A34ED85C63B1A689845E3 /* OpenAIClient.swift in Sources */,
				311A49A3D89EB92C46C733BA /* SecretStore.swift in Sources */,
				04356E8B3B6EDEE4286FC7C5 /* AISettingsStore.swift in Sources */,
				2CB22D86C20864DABF618784 /* AIDeckGenerator.swift in Sources */,
				EDC333D9165F6B000105C95E /* AIImportView.swift in Sources */,
				4283822301ED3D573CFBA3D0 /* SettingsView.swift in Sources */,
				CD195FB93298AE91BF698E3E /* DecksSettingsView.swift in Sources */,
				AA3988DBD65BA5F25CF86764 /* DeckCSVFormat.swift in Sources */,
				A04EC4DD20883DBC7E08D931 /* DeckTransferFormat.swift in Sources */,
				A0479D4C85727FF7D4DF646C /* CardEditorView.swift in Sources */,
				4C671A8ED981E7CD4D4D68DA /* CardPracticeProgress.swift in Sources */,
				156EC7EA1C59CFB9C8BCB6CB /* SortIndexed.swift in Sources */,
				01C70B641A385704B707883B /* PracticeSettingsView.swift in Sources */,
				CE7A0CF15025C95273A7567B /* PracticeSettingsStore.swift in Sources */,
				AE519555A4E3CB2B0F466C5A /* PracticePlanner.swift in Sources */,
				69B5E7181D2773F9AC99D622 /* PracticeSettings.swift in Sources */,
				49AA5BABC6CE0AD4D5E552D8 /* PracticeResultsView.swift in Sources */,
				AFFA949187517945C2269959 /* PracticeSession.swift in Sources */,
				9EAF5A97CA9FBDA3670773B8 /* AppConfiguration.swift in Sources */,
				E4AF48D743690FE0DE22054C /* CloudSyncStatus.swift in Sources */,
				02FE10FD53E2E6CAD6720621 /* SettingsStorage.swift in Sources */,
				CB16AB6B0521D00155BACF5A /* CloudSyncMonitor.swift in Sources */,
				DE23459A6F496F2C2439E6A0 /* Deck.swift in Sources */,
				C16D5A22CA78684DEA1B7602 /* Card.swift in Sources */,
				D9CEECA341D5026BAACFB55E /* MemoModelContainer.swift in Sources */,
				16A1D2B2FBC62E8663C41DF9 /* LegacyStoreImport.swift in Sources */,
				B8368D94557801165C093BF4 /* Color+Memo.swift in Sources */,
				B5053D7317F974AB0E81EB55 /* PreviewData.swift in Sources */,
				F4C9E2722BBC08FC00CCB32E /* CardView.swift in Sources */,
				F491837A2B622B930051531F /* PracticeView.swift in Sources */,
				F4C1592D2B9DB3250035895F /* DeckView.swift in Sources */,
				F410C5262BB41A5B0061282C /* DecksView.swift in Sources */,
				F49183782B622B930051531F /* MemoApp.swift in Sources */,
				F421D1132BB4415E00DBB875 /* EmojiTextFieldUI.swift in Sources */,
			);
			runOnlyForDeploymentPostprocessing = 0;
		};
		F49183802B622B950051531F /* Sources */ = {
			isa = PBXSourcesBuildPhase;
			buildActionMask = 2147483647;
			files = (
				75FED3B78920FDF5C57F2854 /* DeckTransferTests.swift in Sources */,
				8DA371F06B7CF0668C45FE6B /* SettingsStorageTests.swift in Sources */,
				8C2E6EE8DAF39F068FE34EDB /* DeckImportPlanTests.swift in Sources */,
				4F0EF0097C3BC6877931D7F3 /* CloudSyncActivityTests.swift in Sources */,
				2654AAFA099D68701ACB9726 /* BookmarkTests.swift in Sources */,
				987545F8EE578C610EBBAC59 /* AIAssistedImportTests.swift in Sources */,
				411F05A4A5D6C72780B15CC0 /* CardPracticeProgressTests.swift in Sources */,
				15A6689AB39D5CA3C1827F47 /* LegacyStoreImportTests.swift in Sources */,
				6D2FE8E061B9F24F5E7BEEBB /* SortIndexedTests.swift in Sources */,
				E5237B44299BD97AC38FF11F /* PracticeSettingsTests.swift in Sources */,
				F47FB4B91BF44840839F3166 /* PracticeSessionTests.swift in Sources */,
			);
			runOnlyForDeploymentPostprocessing = 0;
		};
		F491838A2B622B950051531F /* Sources */ = {
			isa = PBXSourcesBuildPhase;
			buildActionMask = 2147483647;
			files = (
				8ADD1C1684690F2C7F57D83A /* MemoUITests.swift in Sources */,
			);
			runOnlyForDeploymentPostprocessing = 0;
		};
/* End PBXSourcesBuildPhase section */

/* Begin PBXTargetDependency section */
		F49183862B622B950051531F /* PBXTargetDependency */ = {
			isa = PBXTargetDependency;
			target = F49183732B622B930051531F /* Memo */;
			targetProxy = F49183852B622B950051531F /* PBXContainerItemProxy */;
		};
		F49183902B622B950051531F /* PBXTargetDependency */ = {
			isa = PBXTargetDependency;
			target = F49183732B622B930051531F /* Memo */;
			targetProxy = F491838F2B622B950051531F /* PBXContainerItemProxy */;
		};
/* End PBXTargetDependency section */

/* Begin XCBuildConfiguration section */
		F49183962B622B950051531F /* Debug */ = {
			isa = XCBuildConfiguration;
			buildSettings = {
				ALWAYS_SEARCH_USER_PATHS = NO;
				ASSETCATALOG_COMPILER_GENERATE_SWIFT_ASSET_SYMBOL_EXTENSIONS = YES;
				CLANG_ANALYZER_NONNULL = YES;
				CLANG_ANALYZER_NUMBER_OBJECT_CONVERSION = YES_AGGRESSIVE;
				CLANG_CXX_LANGUAGE_STANDARD = "gnu++20";
				CLANG_ENABLE_MODULES = YES;
				CLANG_ENABLE_OBJC_ARC = YES;
				CLANG_ENABLE_OBJC_WEAK = YES;
				CLANG_WARN_BLOCK_CAPTURE_AUTORELEASING = YES;
				CLANG_WARN_BOOL_CONVERSION = YES;
				CLANG_WARN_COMMA = YES;
				CLANG_WARN_CONSTANT_CONVERSION = YES;
				CLANG_WARN_DEPRECATED_OBJC_IMPLEMENTATIONS = YES;
				CLANG_WARN_DIRECT_OBJC_ISA_USAGE = YES_ERROR;
				CLANG_WARN_DOCUMENTATION_COMMENTS = YES;
				CLANG_WARN_EMPTY_BODY = YES;
				CLANG_WARN_ENUM_CONVERSION = YES;
				CLANG_WARN_INFINITE_RECURSION = YES;
				CLANG_WARN_INT_CONVERSION = YES;
				CLANG_WARN_NON_LITERAL_NULL_CONVERSION = YES;
				CLANG_WARN_OBJC_IMPLICIT_RETAIN_SELF = YES;
				CLANG_WARN_OBJC_LITERAL_CONVERSION = YES;
				CLANG_WARN_OBJC_ROOT_CLASS = YES_ERROR;
				CLANG_WARN_QUOTED_INCLUDE_IN_FRAMEWORK_HEADER = YES;
				CLANG_WARN_RANGE_LOOP_ANALYSIS = YES;
				CLANG_WARN_STRICT_PROTOTYPES = YES;
				CLANG_WARN_SUSPICIOUS_MOVE = YES;
				CLANG_WARN_UNGUARDED_AVAILABILITY = YES_AGGRESSIVE;
				CLANG_WARN_UNREACHABLE_CODE = YES;
				CLANG_WARN__DUPLICATE_METHOD_MATCH = YES;
				COPY_PHASE_STRIP = NO;
				DEBUG_INFORMATION_FORMAT = dwarf;
				ENABLE_STRICT_OBJC_MSGSEND = YES;
				ENABLE_TESTABILITY = YES;
				ENABLE_USER_SCRIPT_SANDBOXING = YES;
				GCC_C_LANGUAGE_STANDARD = gnu17;
				GCC_DYNAMIC_NO_PIC = NO;
				GCC_NO_COMMON_BLOCKS = YES;
				GCC_OPTIMIZATION_LEVEL = 0;
				GCC_PREPROCESSOR_DEFINITIONS = (
					"DEBUG=1",
					"$(inherited)",
				);
				GCC_WARN_64_TO_32_BIT_CONVERSION = YES;
				GCC_WARN_ABOUT_RETURN_TYPE = YES_ERROR;
				GCC_WARN_UNDECLARED_SELECTOR = YES;
				GCC_WARN_UNINITIALIZED_AUTOS = YES_AGGRESSIVE;
				GCC_WARN_UNUSED_FUNCTION = YES;
				GCC_WARN_UNUSED_VARIABLE = YES;
				IPHONEOS_DEPLOYMENT_TARGET = 17.0;
				LOCALIZATION_PREFERS_STRING_CATALOGS = YES;
				MTL_ENABLE_DEBUG_INFO = INCLUDE_SOURCE;
				MTL_FAST_MATH = YES;
				ONLY_ACTIVE_ARCH = YES;
				SDKROOT = iphoneos;
				SWIFT_ACTIVE_COMPILATION_CONDITIONS = "DEBUG $(inherited)";
				SWIFT_OPTIMIZATION_LEVEL = "-Onone";
			};
			name = Debug;
		};
		F49183972B622B950051531F /* Release */ = {
			isa = XCBuildConfiguration;
			buildSettings = {
				ALWAYS_SEARCH_USER_PATHS = NO;
				ASSETCATALOG_COMPILER_GENERATE_SWIFT_ASSET_SYMBOL_EXTENSIONS = YES;
				CLANG_ANALYZER_NONNULL = YES;
				CLANG_ANALYZER_NUMBER_OBJECT_CONVERSION = YES_AGGRESSIVE;
				CLANG_CXX_LANGUAGE_STANDARD = "gnu++20";
				CLANG_ENABLE_MODULES = YES;
				CLANG_ENABLE_OBJC_ARC = YES;
				CLANG_ENABLE_OBJC_WEAK = YES;
				CLANG_WARN_BLOCK_CAPTURE_AUTORELEASING = YES;
				CLANG_WARN_BOOL_CONVERSION = YES;
				CLANG_WARN_COMMA = YES;
				CLANG_WARN_CONSTANT_CONVERSION = YES;
				CLANG_WARN_DEPRECATED_OBJC_IMPLEMENTATIONS = YES;
				CLANG_WARN_DIRECT_OBJC_ISA_USAGE = YES_ERROR;
				CLANG_WARN_DOCUMENTATION_COMMENTS = YES;
				CLANG_WARN_EMPTY_BODY = YES;
				CLANG_WARN_ENUM_CONVERSION = YES;
				CLANG_WARN_INFINITE_RECURSION = YES;
				CLANG_WARN_INT_CONVERSION = YES;
				CLANG_WARN_NON_LITERAL_NULL_CONVERSION = YES;
				CLANG_WARN_OBJC_IMPLICIT_RETAIN_SELF = YES;
				CLANG_WARN_OBJC_LITERAL_CONVERSION = YES;
				CLANG_WARN_OBJC_ROOT_CLASS = YES_ERROR;
				CLANG_WARN_QUOTED_INCLUDE_IN_FRAMEWORK_HEADER = YES;
				CLANG_WARN_RANGE_LOOP_ANALYSIS = YES;
				CLANG_WARN_STRICT_PROTOTYPES = YES;
				CLANG_WARN_SUSPICIOUS_MOVE = YES;
				CLANG_WARN_UNGUARDED_AVAILABILITY = YES_AGGRESSIVE;
				CLANG_WARN_UNREACHABLE_CODE = YES;
				CLANG_WARN__DUPLICATE_METHOD_MATCH = YES;
				COPY_PHASE_STRIP = NO;
				DEBUG_INFORMATION_FORMAT = "dwarf-with-dsym";
				ENABLE_NS_ASSERTIONS = NO;
				ENABLE_STRICT_OBJC_MSGSEND = YES;
				ENABLE_USER_SCRIPT_SANDBOXING = YES;
				GCC_C_LANGUAGE_STANDARD = gnu17;
				GCC_NO_COMMON_BLOCKS = YES;
				GCC_WARN_64_TO_32_BIT_CONVERSION = YES;
				GCC_WARN_ABOUT_RETURN_TYPE = YES_ERROR;
				GCC_WARN_UNDECLARED_SELECTOR = YES;
				GCC_WARN_UNINITIALIZED_AUTOS = YES_AGGRESSIVE;
				GCC_WARN_UNUSED_FUNCTION = YES;
				GCC_WARN_UNUSED_VARIABLE = YES;
				IPHONEOS_DEPLOYMENT_TARGET = 17.0;
				LOCALIZATION_PREFERS_STRING_CATALOGS = YES;
				MTL_ENABLE_DEBUG_INFO = NO;
				MTL_FAST_MATH = YES;
				SDKROOT = iphoneos;
				SWIFT_COMPILATION_MODE = wholemodule;
				VALIDATE_PRODUCT = YES;
			};
			name = Release;
		};
		F49183992B622B950051531F /* Debug */ = {
			isa = XCBuildConfiguration;
			buildSettings = {
				ASSETCATALOG_COMPILER_APPICON_NAME = AppIcon;
				CODE_SIGN_ENTITLEMENTS = Memo/Memo.entitlements;
				ASSETCATALOG_COMPILER_GLOBAL_ACCENT_COLOR_NAME = AccentColor;
				CODE_SIGN_STYLE = Automatic;
				CURRENT_PROJECT_VERSION = 1;
				DEVELOPMENT_TEAM = 9UL825LAMK;
				ENABLE_PREVIEWS = YES;
				GENERATE_INFOPLIST_FILE = YES;
				INFOPLIST_KEY_CFBundleDisplayName = "Memo Decks";
				INFOPLIST_KEY_UIBackgroundModes = "remote-notification";
				INFOPLIST_KEY_LSApplicationCategoryType = "public.app-category.education";
				INFOPLIST_KEY_UIApplicationSceneManifest_Generation = YES;
				INFOPLIST_KEY_UIApplicationSupportsIndirectInputEvents = YES;
				INFOPLIST_KEY_UILaunchScreen_Generation = YES;
				INFOPLIST_KEY_UIStatusBarHidden = YES;
				INFOPLIST_KEY_UISupportedInterfaceOrientations = UIInterfaceOrientationPortrait;
				IPHONEOS_DEPLOYMENT_TARGET = 17.0;
				LD_RUNPATH_SEARCH_PATHS = (
					"$(inherited)",
					"@executable_path/Frameworks",
				);
				MARKETING_VERSION = 1.0;
				PRODUCT_BUNDLE_IDENTIFIER = games.javier.memo;
				PRODUCT_NAME = "$(TARGET_NAME)";
				SUPPORTED_PLATFORMS = "iphoneos iphonesimulator";
				SUPPORTS_MACCATALYST = NO;
				SUPPORTS_MAC_DESIGNED_FOR_IPHONE_IPAD = NO;
				SWIFT_EMIT_LOC_STRINGS = YES;
				SWIFT_VERSION = 5.0;
				TARGETED_DEVICE_FAMILY = 1;
			};
			name = Debug;
		};
		F491839A2B622B950051531F /* Release */ = {
			isa = XCBuildConfiguration;
			buildSettings = {
				ASSETCATALOG_COMPILER_APPICON_NAME = AppIcon;
				CODE_SIGN_ENTITLEMENTS = Memo/Memo.entitlements;
				ASSETCATALOG_COMPILER_GLOBAL_ACCENT_COLOR_NAME = AccentColor;
				CODE_SIGN_STYLE = Automatic;
				CURRENT_PROJECT_VERSION = 1;
				DEVELOPMENT_TEAM = 9UL825LAMK;
				ENABLE_PREVIEWS = YES;
				GENERATE_INFOPLIST_FILE = YES;
				INFOPLIST_KEY_CFBundleDisplayName = "Memo Decks";
				INFOPLIST_KEY_UIBackgroundModes = "remote-notification";
				INFOPLIST_KEY_LSApplicationCategoryType = "public.app-category.education";
				INFOPLIST_KEY_UIApplicationSceneManifest_Generation = YES;
				INFOPLIST_KEY_UIApplicationSupportsIndirectInputEvents = YES;
				INFOPLIST_KEY_UILaunchScreen_Generation = YES;
				INFOPLIST_KEY_UIStatusBarHidden = YES;
				INFOPLIST_KEY_UISupportedInterfaceOrientations = UIInterfaceOrientationPortrait;
				IPHONEOS_DEPLOYMENT_TARGET = 17.0;
				LD_RUNPATH_SEARCH_PATHS = (
					"$(inherited)",
					"@executable_path/Frameworks",
				);
				MARKETING_VERSION = 1.0;
				PRODUCT_BUNDLE_IDENTIFIER = games.javier.memo;
				PRODUCT_NAME = "$(TARGET_NAME)";
				SUPPORTED_PLATFORMS = "iphoneos iphonesimulator";
				SUPPORTS_MACCATALYST = NO;
				SUPPORTS_MAC_DESIGNED_FOR_IPHONE_IPAD = NO;
				SWIFT_EMIT_LOC_STRINGS = YES;
				SWIFT_VERSION = 5.0;
				TARGETED_DEVICE_FAMILY = 1;
			};
			name = Release;
		};
		F491839C2B622B950051531F /* Debug */ = {
			isa = XCBuildConfiguration;
			buildSettings = {
				ALWAYS_EMBED_SWIFT_STANDARD_LIBRARIES = YES;
				BUNDLE_LOADER = "$(TEST_HOST)";
				CODE_SIGN_STYLE = Automatic;
				CURRENT_PROJECT_VERSION = 1;
				DEVELOPMENT_TEAM = 9UL825LAMK;
				GENERATE_INFOPLIST_FILE = YES;
				IPHONEOS_DEPLOYMENT_TARGET = 17.0;
				MARKETING_VERSION = 1.0;
				PRODUCT_BUNDLE_IDENTIFIER = games.javier.memo.MemoTests;
				PRODUCT_NAME = "$(TARGET_NAME)";
				SWIFT_EMIT_LOC_STRINGS = NO;
				SWIFT_VERSION = 5.0;
				TARGETED_DEVICE_FAMILY = "1,2";
				TEST_HOST = "$(BUILT_PRODUCTS_DIR)/Memo.app/$(BUNDLE_EXECUTABLE_FOLDER_PATH)/Memo";
			};
			name = Debug;
		};
		F491839D2B622B950051531F /* Release */ = {
			isa = XCBuildConfiguration;
			buildSettings = {
				ALWAYS_EMBED_SWIFT_STANDARD_LIBRARIES = YES;
				BUNDLE_LOADER = "$(TEST_HOST)";
				CODE_SIGN_STYLE = Automatic;
				CURRENT_PROJECT_VERSION = 1;
				DEVELOPMENT_TEAM = 9UL825LAMK;
				GENERATE_INFOPLIST_FILE = YES;
				IPHONEOS_DEPLOYMENT_TARGET = 17.0;
				MARKETING_VERSION = 1.0;
				PRODUCT_BUNDLE_IDENTIFIER = games.javier.memo.MemoTests;
				PRODUCT_NAME = "$(TARGET_NAME)";
				SWIFT_EMIT_LOC_STRINGS = NO;
				SWIFT_VERSION = 5.0;
				TARGETED_DEVICE_FAMILY = "1,2";
				TEST_HOST = "$(BUILT_PRODUCTS_DIR)/Memo.app/$(BUNDLE_EXECUTABLE_FOLDER_PATH)/Memo";
			};
			name = Release;
		};
		F491839F2B622B950051531F /* Debug */ = {
			isa = XCBuildConfiguration;
			buildSettings = {
				ALWAYS_EMBED_SWIFT_STANDARD_LIBRARIES = YES;
				CODE_SIGN_STYLE = Automatic;
				CURRENT_PROJECT_VERSION = 1;
				DEVELOPMENT_TEAM = 9UL825LAMK;
				GENERATE_INFOPLIST_FILE = YES;
				MARKETING_VERSION = 1.0;
				PRODUCT_BUNDLE_IDENTIFIER = games.javier.memo.MemoUITests;
				PRODUCT_NAME = "$(TARGET_NAME)";
				SWIFT_EMIT_LOC_STRINGS = NO;
				SWIFT_VERSION = 5.0;
				TARGETED_DEVICE_FAMILY = "1,2";
				TEST_TARGET_NAME = Memo;
			};
			name = Debug;
		};
		F49183A02B622B950051531F /* Release */ = {
			isa = XCBuildConfiguration;
			buildSettings = {
				ALWAYS_EMBED_SWIFT_STANDARD_LIBRARIES = YES;
				CODE_SIGN_STYLE = Automatic;
				CURRENT_PROJECT_VERSION = 1;
				DEVELOPMENT_TEAM = 9UL825LAMK;
				GENERATE_INFOPLIST_FILE = YES;
				MARKETING_VERSION = 1.0;
				PRODUCT_BUNDLE_IDENTIFIER = games.javier.memo.MemoUITests;
				PRODUCT_NAME = "$(TARGET_NAME)";
				SWIFT_EMIT_LOC_STRINGS = NO;
				SWIFT_VERSION = 5.0;
				TARGETED_DEVICE_FAMILY = "1,2";
				TEST_TARGET_NAME = Memo;
			};
			name = Release;
		};
/* End XCBuildConfiguration section */

/* Begin XCConfigurationList section */
		F491836F2B622B930051531F /* Build configuration list for PBXProject "Memo" */ = {
			isa = XCConfigurationList;
			buildConfigurations = (
				F49183962B622B950051531F /* Debug */,
				F49183972B622B950051531F /* Release */,
			);
			defaultConfigurationIsVisible = 0;
			defaultConfigurationName = Release;
		};
		F49183982B622B950051531F /* Build configuration list for PBXNativeTarget "Memo" */ = {
			isa = XCConfigurationList;
			buildConfigurations = (
				F49183992B622B950051531F /* Debug */,
				F491839A2B622B950051531F /* Release */,
			);
			defaultConfigurationIsVisible = 0;
			defaultConfigurationName = Release;
		};
		F491839B2B622B950051531F /* Build configuration list for PBXNativeTarget "MemoTests" */ = {
			isa = XCConfigurationList;
			buildConfigurations = (
				F491839C2B622B950051531F /* Debug */,
				F491839D2B622B950051531F /* Release */,
			);
			defaultConfigurationIsVisible = 0;
			defaultConfigurationName = Release;
		};
		F491839E2B622B950051531F /* Build configuration list for PBXNativeTarget "MemoUITests" */ = {
			isa = XCConfigurationList;
			buildConfigurations = (
				F491839F2B622B950051531F /* Debug */,
				F49183A02B622B950051531F /* Release */,
			);
			defaultConfigurationIsVisible = 0;
			defaultConfigurationName = Release;
		};
/* End XCConfigurationList section */
	};
	rootObject = F491836C2B622B930051531F /* Project object */;
}
